
Microsoft Visual Studio Solution File, Format Version 12.00
# Visual Studio Version 17
VisualStudioVersion = 17.3.32929.385
MinimumVisualStudioVersion = 10.0.40219.1
Project("{FAE04EC0-301F-11D3-BF4B-00C04F79EFBC}") = "Wcf4", "Wcf4\Wcf4.csproj", "{F95ABD75-BD2E-40C5-8302-474A48B62EF8}"
EndProject
Project("{FAE04EC0-301F-11D3-BF4B-00C04F79EFBC}") = "WpfApp4", "WpfApp4\WpfApp4.csproj", "{0F8CC090-4D49-4008-AC9E-038A02399499}"
	ProjectSection(ProjectDependencies) = postProject
		{F95ABD75-BD2E-40C5-8302-474A48B62EF8} = {F95ABD75-BD2E-40C5-8302-474A48B62EF8}
	EndProjectSection
EndProject
Global
	GlobalSection(SolutionConfigurationPlatforms) = preSolution
		Debug|Any CPU = Debug|Any CPU
		Release|Any CPU = Release|Any CPU
	EndGlobalSection
	GlobalSection(ProjectConfigurationPlatforms) = postSolution
		{F95ABD75-BD2E-40C5-8302-474A48B62EF8}.Debug|Any CPU.ActiveCfg = Debug|Any CPU
		{F95ABD75-BD2E-40C5-8302-474A48B62EF8}.Debug|Any CPU.Build.0 = Debug|Any CPU
		{F95ABD75-BD2E-40C5-8302-474A48B62EF8}.Release|Any CPU.ActiveCfg = Release|Any CPU
		{F95ABD75-BD2E-40C5-8302-474A48B62EF8}.Release|Any CPU.Build.0 = Release|Any CPU
		{0F8CC090-4D49-4008-AC9E-038A02399499}.Debug|Any CPU.ActiveCfg = Debug|Any CPU
		{0F8CC090-4D49-4008-AC9E-038A02399499}.Debug|Any CPU.Build.0 = Debug|Any CPU
		{0F8CC090-4D49-4008-AC9E-038A02399499}.Release|Any CPU.ActiveCfg = Release|Any CPU
		{0F8CC090-4D49-4008-AC9E-038A02399499}.Release|Any CPU.Build.0 = Release|Any CPU
	EndGlobalSection
	GlobalSection(SolutionProperties) = preSolution
		HideSolutionNode = FALSE
	EndGlobalSection
	GlobalSection(ExtensibilityGlobals) = postSolution
		SolutionGuid = {DA33D328-403B-48C8-9304-47114519B886}
	EndGlobalSection
EndGlobal
